
Microsoft Visual Studio Solution File, Format Version 12.00
# Visual Studio Version 17
VisualStudioVersion = 17.3.32929.385
MinimumVisualStudioVersion = 10.0.40219.1
Project("{8BC9CEB8-8B4A-11D0-8D11-00A0C91BC942}") = "3D_Finite_Difference_Open_PMI", "3D_Finite_Difference_Open_PMI.vcxproj", "{B42F3AF2-0DF8-486A-BF18-1B9457C5E3F0}"
EndProject
Global
	GlobalSection(SolutionConfigurationPlatforms) = preSolution
		Debug|x64 = Debug|x64
		Debug|x86 = Debug|x86
		Release|x64 = Release|x64
		Release|x86 = Release|x86
	EndGlobalSection
	GlobalSection(ProjectConfigurationPlatforms) = postSolution
		{B42F3AF2-0DF8-486A-BF18-1B9457C5E3F0}.Debug|x64.ActiveCfg = Debug|x64
		{B42F3AF2-0DF8-486A-BF18-1B9457C5E3F0}.Debug|x64.Build.0 = Debug|x64
		{B42F3AF2-0DF8-486A-BF18-1B9457C5E3F0}.Debug|x86.ActiveCfg = Debug|Win32
		{B42F3AF2-0DF8-486A-BF18-1B9457C5E3F0}.Debug|x86.Build.0 = Debug|Win32
		{B42F3AF2-0DF8-486A-BF18-1B9457C5E3F0}.Release|x64.ActiveCfg = Release|x64
		{B42F3AF2-0DF8-486A-BF18-1B9457C5E3F0}.Release|x64.Build.0 = Release|x64
		{B42F3AF2-0DF8-486A-BF18-1B9457C5E3F0}.Release|x86.ActiveCfg = Release|Win32
		{B42F3AF2-0DF8-486A-BF18-1B9457C5E3F0}.Release|x86.Build.0 = Release|Win32
	EndGlobalSection
	GlobalSection(SolutionProperties) = preSolution
		HideSolutionNode = FALSE
	EndGlobalSection
	GlobalSection(ExtensibilityGlobals) = postSolution
		SolutionGuid = {7672E7A0-6F79-43C8-A231-D98127FE5FFC}
	EndGlobalSection
EndGlobal
